Microsoft Visual Studio Solution File, Format Version 12.00
# Visual Studio Version 17
VisualStudioVersion = 17.5.2.0
MinimumVisualStudioVersion = 10.0.40219.1
Project("{2150E333-8FDC-42A3-9474-1A3956D46DE8}") = "Services", "Services", "{5854FF58-B8C5-05C6-5BF2-ACE42193F22B}"
EndProject
Project("{FAE04EC0-301F-11D3-BF4B-00C04F79EFBC}") = "OrderService", "Services\OrderService\OrderService.csproj", "{8A16590F-E066-4AF4-1B7F-8230DA1EEB4D}"
EndProject
Project("{FAE04EC0-301F-11D3-BF4B-00C04F79EFBC}") = "PaymentService", "Services\PaymentService\PaymentService.csproj", "{F1FD0C91-9F77-CCB3-5518-F2CD51FD4BB8}"
EndProject
Global
	GlobalSection(SolutionConfigurationPlatforms) = preSolution
		Debug|Any CPU = Debug|Any CPU
		Release|Any CPU = Release|Any CPU
	EndGlobalSection
	GlobalSection(ProjectConfigurationPlatforms) = postSolution
		{8A16590F-E066-4AF4-1B7F-8230DA1EEB4D}.Debug|Any CPU.ActiveCfg = Debug|Any CPU
		{8A16590F-E066-4AF4-1B7F-8230DA1EEB4D}.Debug|Any CPU.Build.0 = Debug|Any CPU
		{8A16590F-E066-4AF4-1B7F-8230DA1EEB4D}.Release|Any CPU.ActiveCfg = Release|Any CPU
		{8A16590F-E066-4AF4-1B7F-8230DA1EEB4D}.Release|Any CPU.Build.0 = Release|Any CPU
		{F1FD0C91-9F77-CCB3-5518-F2CD51FD4BB8}.Debug|Any CPU.ActiveCfg = Debug|Any CPU
		{F1FD0C91-9F77-CCB3-5518-F2CD51FD4BB8}.Debug|Any CPU.Build.0 = Debug|Any CPU
		{F1FD0C91-9F77-CCB3-5518-F2CD51FD4BB8}.Release|Any CPU.ActiveCfg = Release|Any CPU
		{F1FD0C91-9F77-CCB3-5518-F2CD51FD4BB8}.Release|Any CPU.Build.0 = Release|Any CPU
	EndGlobalSection
	GlobalSection(SolutionProperties) = preSolution
		HideSolutionNode = FALSE
	EndGlobalSection
	GlobalSection(NestedProjects) = preSolution
		{8A16590F-E066-4AF4-1B7F-8230DA1EEB4D} = {5854FF58-B8C5-05C6-5BF2-ACE42193F22B}
		{F1FD0C91-9F77-CCB3-5518-F2CD51FD4BB8} = {5854FF58-B8C5-05C6-5BF2-ACE42193F22B}
	EndGlobalSection
	GlobalSection(ExtensibilityGlobals) = postSolution
		SolutionGuid = {761DBC22-0421-456D-AD0C-619EEA276708}
	EndGlobalSection
EndGlobal
